// !$*UTF8*$!
{
	archiveVersion = 1;
	classes = {
	};
	objectVersion = 50;
	objects = {

/* Begin PBXBuildFile section */
		09B94F6963565A6C017B5773 /* Pods_LTChannelViewUITests.framework in Frameworks */ = {isa = PBXBuildFile; fileRef = 0B948461A7E709539F683DE7 /* Pods_LTChannelViewUITests.framework */; };
		26622B3AF3509E4B118B2922 /* Pods_LTChannelViewTests.framework in Frameworks */ = {isa = PBXBuildFile; fileRef = C82560ED88558C99707F304A /* Pods_LTChannelViewTests.framework */; };
		AA952E6B21C9DC5300E472AC /* LTChannelView.m in Sources */ = {isa = PBXBuildFile; fileRef = AA952E6A21C9DC5300E472AC /* LTChannelView.m */; };
		AA952E6E21C9DE2800E472AC /* LTChannelCell.m in Sources */ = {isa = PBXBuildFile; fileRef = AA952E6D21C9DE2800E472AC /* LTChannelCell.m */; };
		AA952E7121C9DE8000E472AC /* LTChannelModel.m in Sources */ = {isa = PBXBuildFile; fileRef = AA952E7021C9DE8000E472AC /* LTChannelModel.m */; };
		AAFBDAB921C8CB0A0093101D /* AppDelegate.m in Sources */ = {isa = PBXBuildFile; fileRef = AAFBDAB821C8CB0A0093101D /* AppDelegate.m */; };
		AAFBDABC21C8CB0A0093101D /* ViewController.m in Sources */ = {isa = PBXBuildFile; fileRef = AAFBDABB21C8CB0A0093101D /* ViewController.m */; };
		AAFBDABF21C8CB0A0093101D /* Main.storyboard in Resources */ = {isa = PBXBuildFile; fileRef = AAFBDABD21C8CB0A0093101D /* Main.storyboard */; };
		AAFBDAC121C8CB0C0093101D /* Assets.xcassets in Resources */ = {isa = PBXBuildFile; fileRef = AAFBDAC021C8CB0C0093101D /* Assets.xcassets */; };
		AAFBDAC421C8CB0C0093101D /* LaunchScreen.storyboard in Resources */ = {isa = PBXBuildFile; fileRef = AAFBDAC221C8CB0C0093101D /* LaunchScreen.storyboard */; };
		AAFBDAC721C8CB0C0093101D /* main.m in Sources */ = {isa = PBXBuildFile; fileRef = AAFBDAC621C8CB0C0093101D /* main.m */; };
		AAFBDAD121C8CB0C0093101D /* LTChannelViewTests.m in Sources */ = {isa = PBXBuildFile; fileRef = AAFBDAD021C8CB0C0093101D /* LTChannelViewTests.m */; };
		AAFBDADC21C8CB0C0093101D /* LTChannelViewUITests.m in Sources */ = {isa = PBXBuildFile; fileRef = AAFBDADB21C8CB0C0093101D /* LTChannelViewUITests.m */; };
		AAFBDAED21C8CC720093101D /* LTDragBaseView.m in Sources */ = {isa = PBXBuildFile; fileRef = AAFBDAEC21C8CC720093101D /* LTDragBaseView.m */; };
		AAFBDAF021C8D4790093101D /* UIView+LTFrame.m in Sources */ = {isa = PBXBuildFile; fileRef = AAFBDAEE21C8D4790093101D /* UIView+LTFrame.m */; };
		E3D27DFBF4E78058F57BB3BE /* Pods_LTChannelView.framework in Frameworks */ = {isa = PBXBuildFile; fileRef = 6A1A92212B3691964944015A /* Pods_LTChannelView.framework */; };
/* End PBXBuildFile section */

/* Begin PBXContainerItemProxy section */
		AAFBDACD21C8CB0C0093101D /* PBXContainerItemProxy */ = {
			isa = PBXContainerItemProxy;
			containerPortal = AAFBDAAC21C8CB0A0093101D /* Project object */;
			proxyType = 1;
			remoteGlobalIDString = AAFBDAB321C8CB0A0093101D;
			remoteInfo = LTChannelView;
		};
		AAFBDAD821C8CB0C0093101D /* PBXContainerItemProxy */ = {
			isa = PBXContainerItemProxy;
			containerPortal = AAFBDAAC21C8CB0A0093101D /* Project object */;
			proxyType = 1;
			remoteGlobalIDString = AAFBDAB321C8CB0A0093101D;
			remoteInfo = LTChannelView;
		};
/* End PBXContainerItemProxy section */

/* Begin PBXFileReference section */
		0B948461A7E709539F683DE7 /* Pods_LTChannelViewUITests.framework */ = {isa = PBXFileReference; explicitFileType = wrapper.framework; includeInIndex = 0; path = Pods_LTChannelViewUITests.framework; sourceTree = BUILT_PRODUCTS_DIR; };
		275FF5A24C8EB6F0953AB0B4 /* Pods-LTChannelViewTests.debug.xcconfig */ = {isa = PBXFileReference; includeInIndex = 1; lastKnownFileType = text.xcconfig; name = "Pods-LTChannelViewTests.debug.xcconfig"; path = "Pods/Target Support Files/Pods-LTChannelViewTests/Pods-LTChannelViewTests.debug.xcconfig"; sourceTree = "<group>"; };
		36DB2167C45F051F0FDB1A53 /* Pods-LTChannelView.release.xcconfig */ = {isa = PBXFileReference; includeInIndex = 1; lastKnownFileType = text.xcconfig; name = "Pods-LTChannelView.release.xcconfig"; path = "Pods/Target Support Files/Pods-LTChannelView/Pods-LTChannelView.release.xcconfig"; sourceTree = "<group>"; };
		6A1A92212B3691964944015A /* Pods_LTChannelView.framework */ = {isa = PBXFileReference; explicitFileType = wrapper.framework; includeInIndex = 0; path = Pods_LTChannelView.framework; sourceTree = BUILT_PRODUCTS_DIR; };
		7D9CD95FC0E93372603E4C74 /* Pods-LTChannelViewUITests.debug.xcconfig */ = {isa = PBXFileReference; includeInIndex = 1; lastKnownFileType = text.xcconfig; name = "Pods-LTChannelViewUITests.debug.xcconfig"; path = "Pods/Target Support Files/Pods-LTChannelViewUITests/Pods-LTChannelViewUITests.debug.xcconfig"; sourceTree = "<group>"; };
		AA952E6921C9DC5300E472AC /* LTChannelView.h */ = {isa = PBXFileReference; lastKnownFileType = sourcecode.c.h; path = LTChannelView.h; sourceTree = "<group>"; };
		AA952E6A21C9DC5300E472AC /* LTChannelView.m */ = {isa = PBXFileReference; lastKnownFileType = sourcecode.c.objc; path = LTChannelView.m; sourceTree = "<group>"; };
		AA952E6C21C9DE2800E472AC /* LTChannelCell.h */ = {isa = PBXFileReference; lastKnownFileType = sourcecode.c.h; path = LTChannelCell.h; sourceTree = "<group>"; };
		AA952E6D21C9DE2800E472AC /* LTChannelCell.m */ = {isa = PBXFileReference; lastKnownFileType = sourcecode.c.objc; path = LTChannelCell.m; sourceTree = "<group>"; };
		AA952E6F21C9DE8000E472AC /* LTChannelModel.h */ = {isa = PBXFileReference; lastKnownFileType = sourcecode.c.h; path = LTChannelModel.h; sourceTree = "<group>"; };
		AA952E7021C9DE8000E472AC /* LTChannelModel.m */ = {isa = PBXFileReference; lastKnownFileType = sourcecode.c.objc; path = LTChannelModel.m; sourceTree = "<group>"; };
		AAFBDAB421C8CB0A0093101D /* LTChannelView.app */ = {isa = PBXFileReference; explicitFileType = wrapper.application; includeInIndex = 0; path = LTChannelView.app; sourceTree = BUILT_PRODUCTS_DIR; };
		AAFBDAB721C8CB0A0093101D /* AppDelegate.h */ = {isa = PBXFileReference; lastKnownFileType = sourcecode.c.h; path = AppDelegate.h; sourceTree = "<group>"; };
		AAFBDAB821C8CB0A0093101D /* AppDelegate.m */ = {isa = PBXFileReference; lastKnownFileType = sourcecode.c.objc; path = AppDelegate.m; sourceTree = "<group>"; };
		AAFBDABA21C8CB0A0093101D /* ViewController.h */ = {isa = PBXFileReference; lastKnownFileType = sourcecode.c.h; path = ViewController.h; sourceTree = "<group>"; };
		AAFBDABB21C8CB0A0093101D /* ViewController.m */ = {isa = PBXFileReference; lastKnownFileType = sourcecode.c.objc; path = ViewController.m; sourceTree = "<group>"; };
		AAFBDABE21C8CB0A0093101D /* Base */ = {isa = PBXFileReference; lastKnownFileType = file.storyboard; name = Base; path = Base.lproj/Main.storyboard; sourceTree = "<group>"; };
		AAFBDAC021C8CB0C0093101D /* Assets.xcassets */ = {isa = PBXFileReference; lastKnownFileType = folder.assetcatalog; path = Assets.xcassets; sourceTree = "<group>"; };
		AAFBDAC321C8CB0C0093101D /* Base */ = {isa = PBXFileReference; lastKnownFileType = file.storyboard; name = Base; path = Base.lproj/LaunchScreen.storyboard; sourceTree = "<group>"; };
		AAFBDAC521C8CB0C0093101D /* Info.plist */ = {isa = PBXFileReference; lastKnownFileType = text.plist.xml; path = Info.plist; sourceTree = "<group>"; };
		AAFBDAC621C8CB0C0093101D /* main.m */ = {isa = PBXFileReference; lastKnownFileType = sourcecode.c.objc; path = main.m; sourceTree = "<group>"; };
		AAFBDACC21C8CB0C0093101D /* LTChannelViewTests.xctest */ = {isa = PBXFileReference; explicitFileType = wrapper.cfbundle; includeInIndex = 0; path = LTChannelViewTests.xctest; sourceTree = BUILT_PRODUCTS_DIR; };
		AAFBDAD021C8CB0C0093101D /* LTChannelViewTests.m */ = {isa = PBXFileReference; lastKnownFileType = sourcecode.c.objc; path = LTChannelViewTests.m; sourceTree = "<group>"; };
		AAFBDAD221C8CB0C0093101D /* Info.plist */ = {isa = PBXFileReference; lastKnownFileType = text.plist.xml; path = Info.plist; sourceTree = "<group>"; };
		AAFBDAD721C8CB0C0093101D /* LTChannelViewUITests.xctest */ = {isa = PBXFileReference; explicitFileType = wrapper.cfbundle; includeInIndex = 0; path = LTChannelViewUITests.xctest; sourceTree = BUILT_PRODUCTS_DIR; };
		AAFBDADB21C8CB0C0093101D /* LTChannelViewUITests.m */ = {isa = PBXFileReference; lastKnownFileType = sourcecode.c.objc; path = LTChannelViewUITests.m; sourceTree = "<group>"; };
		AAFBDADD21C8CB0C0093101D /* Info.plist */ = {isa = PBXFileReference; lastKnownFileType = text.plist.xml; path = Info.plist; sourceTree = "<group>"; };
		AAFBDAE921C8CBA90093101D /* LTChannelView.pch */ = {isa = PBXFileReference; lastKnownFileType = sourcecode.c.h; path = LTChannelView.pch; sourceTree = "<group>"; };
		AAFBDAEB21C8CC720093101D /* LTDragBaseView.h */ = {isa = PBXFileReference; lastKnownFileType = sourcecode.c.h; path = LTDragBaseView.h; sourceTree = "<group>"; };
		AAFBDAEC21C8CC720093101D /* LTDragBaseView.m */ = {isa = PBXFileReference; lastKnownFileType = sourcecode.c.objc; path = LTDragBaseView.m; sourceTree = "<group>"; };
		AAFBDAEE21C8D4790093101D /* UIView+LTFrame.m */ = {isa = PBXFileReference; fileEncoding = 4; lastKnownFileType = sourcecode.c.objc; path = "UIView+LTFrame.m"; sourceTree = "<group>"; };
		AAFBDAEF21C8D4790093101D /* UIView+LTFrame.h */ = {isa = PBXFileReference; fileEncoding = 4; lastKnownFileType = sourcecode.c.h; path = "UIView+LTFrame.h"; sourceTree = "<group>"; };
		ADB00523725C4FFA92750AA4 /* Pods-LTChannelView.debug.xcconfig */ = {isa = PBXFileReference; includeInIndex = 1; lastKnownFileType = text.xcconfig; name = "Pods-LTChannelView.debug.xcconfig"; path = "Pods/Target Support Files/Pods-LTChannelView/Pods-LTChannelView.debug.xcconfig"; sourceTree = "<group>"; };
		B4C5AF2E80409420D4D1D4E0 /* Pods-LTChannelViewUITests.release.xcconfig */ = {isa = PBXFileReference; includeInIndex = 1; lastKnownFileType = text.xcconfig; name = "Pods-LTChannelViewUITests.release.xcconfig"; path = "Pods/Target Support Files/Pods-LTChannelViewUITests/Pods-LTChannelViewUITests.release.xcconfig"; sourceTree = "<group>"; };
		C82560ED88558C99707F304A /* Pods_LTChannelViewTests.framework */ = {isa = PBXFileReference; explicitFileType = wrapper.framework; includeInIndex = 0; path = Pods_LTChannelViewTests.framework; sourceTree = BUILT_PRODUCTS_DIR; };
		F939687A3E972E0AE2A306D0 /* Pods-LTChannelViewTests.release.xcconfig */ = {isa = PBXFileReference; includeInIndex = 1; lastKnownFileType = text.xcconfig; name = "Pods-LTChannelViewTests.release.xcconfig"; path = "Pods/Target Support Files/Pods-LTChannelViewTests/Pods-LTChannelViewTests.release.xcconfig"; sourceTree = "<group>"; };
/* End PBXFileReference section */

/* Begin PBXFrameworksBuildPhase section */
		AAFBDAB121C8CB0A0093101D /* Frameworks */ = {
			isa = PBXFrameworksBuildPhase;
			buildActionMask = 2147483647;
			files = (
				E3D27DFBF4E78058F57BB3BE /* Pods_LTChannelView.framework in Frameworks */,
			);
			runOnlyForDeploymentPostprocessing = 0;
		};
		AAFBDAC921C8CB0C0093101D /* Frameworks */ = {
			isa = PBXFrameworksBuildPhase;
			buildActionMask = 2147483647;
			files = (
				26622B3AF3509E4B118B2922 /* Pods_LTChannelViewTests.framework in Frameworks */,
			);
			runOnlyForDeploymentPostprocessing = 0;
		};
		AAFBDAD421C8CB0C0093101D /* Frameworks */ = {
			isa = PBXFrameworksBuildPhase;
			buildActionMask = 2147483647;
			files = (
				09B94F6963565A6C017B5773 /* Pods_LTChannelViewUITests.framework in Frameworks */,
			);
			runOnlyForDeploymentPostprocessing = 0;
		};
/* End PBXFrameworksBuildPhase section */

/* Begin PBXGroup section */
		AAFBDAAB21C8CB0A0093101D = {
			isa = PBXGroup;
			children = (
				AAFBDAB621C8CB0A0093101D /* LTChannelView */,
				AAFBDACF21C8CB0C0093101D /* LTChannelViewTests */,
				AAFBDADA21C8CB0C0093101D /* LTChannelViewUITests */,
				AAFBDAB521C8CB0A0093101D /* Products */,
				B0699939919F7EFFE7379F42 /* Pods */,
				DE81E292CE75B25B6DE69303 /* Frameworks */,
			);
			sourceTree = "<group>";
		};
		AAFBDAB521C8CB0A0093101D /* Products */ = {
			isa = PBXGroup;
			children = (
				AAFBDAB421C8CB0A0093101D /* LTChannelView.app */,
				AAFBDACC21C8CB0C0093101D /* LTChannelViewTests.xctest */,
				AAFBDAD721C8CB0C0093101D /* LTChannelViewUITests.xctest */,
			);
			name = Products;
			sourceTree = "<group>";
		};
		AAFBDAB621C8CB0A0093101D /* LTChannelView */ = {
			isa = PBXGroup;
			children = (
				AAFBDAFD21C8F2570093101D /* LTChannelView */,
				AAFBDAEA21C8CC120093101D /* LTDragBaseView */,
				AAFBDAB721C8CB0A0093101D /* AppDelegate.h */,
				AAFBDAB821C8CB0A0093101D /* AppDelegate.m */,
				AAFBDABA21C8CB0A0093101D /* ViewController.h */,
				AAFBDABB21C8CB0A0093101D /* ViewController.m */,
				AAFBDABD21C8CB0A0093101D /* Main.storyboard */,
				AAFBDAC021C8CB0C0093101D /* Assets.xcassets */,
				AAFBDAC221C8CB0C0093101D /* LaunchScreen.storyboard */,
				AAFBDAE921C8CBA90093101D /* LTChannelView.pch */,
				AAFBDAC521C8CB0C0093101D /* Info.plist */,
				AAFBDAC621C8CB0C0093101D /* main.m */,
			);
			path = LTChannelView;
			sourceTree = "<group>";
		};
		AAFBDACF21C8CB0C0093101D /* LTChannelViewTests */ = {
			isa = PBXGroup;
			children = (
				AAFBDAD021C8CB0C0093101D /* LTChannelViewTests.m */,
				AAFBDAD221C8CB0C0093101D /* Info.plist */,
			);
			path = LTChannelViewTests;
			sourceTree = "<group>";
		};
		AAFBDADA21C8CB0C0093101D /* LTChannelViewUITests */ = {
			isa = PBXGroup;
			children = (
				AAFBDADB21C8CB0C0093101D /* LTChannelViewUITests.m */,
				AAFBDADD21C8CB0C0093101D /* Info.plist */,
			);
			path = LTChannelViewUITests;
			sourceTree = "<group>";
		};
		AAFBDAEA21C8CC120093101D /* LTDragBaseView */ = {
			isa = PBXGroup;
			children = (
				AAFBDAEF21C8D4790093101D /* UIView+LTFrame.h */,
				AAFBDAEE21C8D4790093101D /* UIView+LTFrame.m */,
				AAFBDAEB21C8CC720093101D /* LTDragBaseView.h */,
				AAFBDAEC21C8CC720093101D /* LTDragBaseView.m */,
			);
			path = LTDragBaseView;
			sourceTree = "<group>";
		};
		AAFBDAFD21C8F2570093101D /* LTChannelView */ = {
			isa = PBXGroup;
			children = (
				AA952E6921C9DC5300E472AC /* LTChannelView.h */,
				AA952E6A21C9DC5300E472AC /* LTChannelView.m */,
				AA952E6C21C9DE2800E472AC /* LTChannelCell.h */,
				AA952E6D21C9DE2800E472AC /* LTChannelCell.m */,
				AA952E6F21C9DE8000E472AC /* LTChannelModel.h */,
				AA952E7021C9DE8000E472AC /* LTChannelModel.m */,
			);
			path = LTChannelView;
			sourceTree = "<group>";
		};
		B0699939919F7EFFE7379F42 /* Pods */ = {
			isa = PBXGroup;
			children = (
				ADB00523725C4FFA92750AA4 /* Pods-LTChannelView.debug.xcconfig */,
				36DB2167C45F051F0FDB1A53 /* Pods-LTChannelView.release.xcconfig */,
				275FF5A24C8EB6F0953AB0B4 /* Pods-LTChannelViewTests.debug.xcconfig */,
				F939687A3E972E0AE2A306D0 /* Pods-LTChannelViewTests.release.xcconfig */,
				7D9CD95FC0E93372603E4C74 /* Pods-LTChannelViewUITests.debug.xcconfig */,
				B4C5AF2E80409420D4D1D4E0 /* Pods-LTChannelViewUITests.release.xcconfig */,
			);
			name = Pods;
			sourceTree = "<group>";
		};
		DE81E292CE75B25B6DE69303 /* Frameworks */ = {
			isa = PBXGroup;
			children = (
				6A1A92212B3691964944015A /* Pods_LTChannelView.framework */,
				C82560ED88558C99707F304A /* Pods_LTChannelViewTests.framework */,
				0B948461A7E709539F683DE7 /* Pods_LTChannelViewUITests.framework */,
			);
			name = Frameworks;
			sourceTree = "<group>";
		};
/* End PBXGroup section */

/* Begin PBXNativeTarget section */
		AAFBDAB321C8CB0A0093101D /* LTChannelView */ = {
			isa = PBXNativeTarget;
			buildConfigurationList = AAFBDAE021C8CB0C0093101D /* Build configuration list for PBXNativeTarget "LTChannelView" */;
			buildPhases = (
				E7D08AF418554B9ED392F771 /* [CP] Check Pods Manifest.lock */,
				AAFBDAB021C8CB0A0093101D /* Sources */,
				AAFBDAB121C8CB0A0093101D /* Frameworks */,
				AAFBDAB221C8CB0A0093101D /* Resources */,
				24680CF7751E484EEBDAC721 /* [CP] Embed Pods Frameworks */,
			);
			buildRules = (
			);
			dependencies = (
			);
			name = LTChannelView;
			productName = LTChannelView;
			productReference = AAFBDAB421C8CB0A0093101D /* LTChannelView.app */;
			productType = "com.apple.product-type.application";
		};
		AAFBDACB21C8CB0C0093101D /* LTChannelViewTests */ = {
			isa = PBXNativeTarget;
			buildConfigurationList = AAFBDAE321C8CB0C0093101D /* Build configuration list for PBXNativeTarget "LTChannelViewTests" */;
			buildPhases = (
				2768E94CE8E4CAD762585200 /* [CP] Check Pods Manifest.lock */,
				AAFBDAC821C8CB0C0093101D /* Sources */,
				AAFBDAC921C8CB0C0093101D /* Frameworks */,
				AAFBDACA21C8CB0C0093101D /* Resources */,
			);
			buildRules = (
			);
			dependencies = (
				AAFBDACE21C8CB0C0093101D /* PBXTargetDependency */,
			);
			name = LTChannelViewTests;
			productName = LTChannelViewTests;
			productReference = AAFBDACC21C8CB0C0093101D /* LTChannelViewTests.xctest */;
			productType = "com.apple.product-type.bundle.unit-test";
		};
		AAFBDAD621C8CB0C0093101D /* LTChannelViewUITests */ = {
			isa = PBXNativeTarget;
			buildConfigurationList = AAFBDAE621C8CB0C0093101D /* Build configuration list for PBXNativeTarget "LTChannelViewUITests" */;
			buildPhases = (
				848DFE2A526244CE5627B142 /* [CP] Check Pods Manifest.lock */,
				AAFBDAD321C8CB0C0093101D /* Sources */,
				AAFBDAD421C8CB0C0093101D /* Frameworks */,
				AAFBDAD521C8CB0C0093101D /* Resources */,
			);
			buildRules = (
			);
			dependencies = (
				AAFBDAD921C8CB0C0093101D /* PBXTargetDependency */,
			);
			name = LTChannelViewUITests;
			productName = LTChannelViewUITests;
			productReference = AAFBDAD721C8CB0C0093101D /* LTChannelViewUITests.xctest */;
			productType = "com.apple.product-type.bundle.ui-testing";
		};
/* End PBXNativeTarget section */

/* Begin PBXProject section */
		AAFBDAAC21C8CB0A0093101D /* Project object */ = {
			isa = PBXProject;
			attributes = {
				LastUpgradeCheck = 0930;
				ORGANIZATIONNAME = mrstock;
				TargetAttributes = {
					AAFBDAB321C8CB0A0093101D = {
						CreatedOnToolsVersion = 9.3.1;
					};
					AAFBDACB21C8CB0C0093101D = {
						CreatedOnToolsVersion = 9.3.1;
						TestTargetID = AAFBDAB321C8CB0A0093101D;
					};
					AAFBDAD621C8CB0C0093101D = {
						CreatedOnToolsVersion = 9.3.1;
						TestTargetID = AAFBDAB321C8CB0A0093101D;
					};
				};
			};
			buildConfigurationList = AAFBDAAF21C8CB0A0093101D /* Build configuration list for PBXProject "LTChannelView" */;
			compatibilityVersion = "Xcode 9.3";
			developmentRegion = en;
			hasScannedForEncodings = 0;
			knownRegions = (
				en,
				Base,
			);
			mainGroup = AAFBDAAB21C8CB0A0093101D;
			productRefGroup = AAFBDAB521C8CB0A0093101D /* Products */;
			projectDirPath = "";
			projectRoot = "";
			targets = (
				AAFBDAB321C8CB0A0093101D /* LTChannelView */,
				AAFBDACB21C8CB0C0093101D /* LTChannelViewTests */,
				AAFBDAD621C8CB0C0093101D /* LTChannelViewUITests */,
			);
		};
/* End PBXProject section */

/* Begin PBXResourcesBuildPhase section */
		AAFBDAB221C8CB0A0093101D /* Resources */ = {
			isa = PBXResourcesBuildPhase;
			buildActionMask = 2147483647;
			files = (
				AAFBDAC421C8CB0C0093101D /* LaunchScreen.storyboard in Resources */,
				AAFBDAC121C8CB0C0093101D /* Assets.xcassets in Resources */,
				AAFBDABF21C8CB0A0093101D /* Main.storyboard in Resources */,
			);
			runOnlyForDeploymentPostprocessing = 0;
		};
		AAFBDACA21C8CB0C0093101D /* Resources */ = {
			isa = PBXResourcesBuildPhase;
			buildActionMask = 2147483647;
			files = (
			);
			runOnlyForDeploymentPostprocessing = 0;
		};
		AAFBDAD521C8CB0C0093101D /* Resources */ = {
			isa = PBXResourcesBuildPhase;
			buildActionMask = 2147483647;
			files = (
			);
			runOnlyForDeploymentPostprocessing = 0;
		};
/* End PBXResourcesBuildPhase section */

/* Begin PBXShellScriptBuildPhase section */
		24680CF7751E484EEBDAC721 /* [CP] Embed Pods Frameworks */ = {
			isa = PBXShellScriptBuildPhase;
			buildActionMask = 2147483647;
			files = (
			);
			inputPaths = (
				"${SRCROOT}/Pods/Target Support Files/Pods-LTChannelView/Pods-LTChannelView-frameworks.sh",
				"${BUILT_PRODUCTS_DIR}/Masonry/Masonry.framework",
			);
			name = "[CP] Embed Pods Frameworks";
			outputPaths = (
				"${TARGET_BUILD_DIR}/${FRAMEWORKS_FOLDER_PATH}/Masonry.framework",
			);
			runOnlyForDeploymentPostprocessing = 0;
			shellPath = /bin/sh;
			shellScript = "\"${SRCROOT}/Pods/Target Support Files/Pods-LTChannelView/Pods-LTChannelView-frameworks.sh\"\n";
			showEnvVarsInLog = 0;
		};
		2768E94CE8E4CAD762585200 /* [CP] Check Pods Manifest.lock */ = {
			isa = PBXShellScriptBuildPhase;
			buildActionMask = 2147483647;
			files = (
			);
			inputPaths = (
				"${PODS_PODFILE_DIR_PATH}/Podfile.lock",
				"${PODS_ROOT}/Manifest.lock",
			);
			name = "[CP] Check Pods Manifest.lock";
			outputPaths = (
				"$(DERIVED_FILE_DIR)/Pods-LTChannelViewTests-checkManifestLockResult.txt",
			);
			runOnlyForDeploymentPostprocessing = 0;
			shellPath = /bin/sh;
			shellScript = "diff \"${PODS_PODFILE_DIR_PATH}/Podfile.lock\" \"${PODS_ROOT}/Manifest.lock\" > /dev/null\nif [ $? != 0 ] ; then\n    # print error to STDERR\n    echo \"error: The sandbox is not in sync with the Podfile.lock. Run 'pod install' or update your CocoaPods installation.\" >&2\n    exit 1\nfi\n# This output is used by Xcode 'outputs' to avoid re-running this script phase.\necho \"SUCCESS\" > \"${SCRIPT_OUTPUT_FILE_0}\"\n";
			showEnvVarsInLog = 0;
		};
		848DFE2A526244CE5627B142 /* [CP] Check Pods Manifest.lock */ = {
			isa = PBXShellScriptBuildPhase;
			buildActionMask = 2147483647;
			files = (
			);
			inputPaths = (
				"${PODS_PODFILE_DIR_PATH}/Podfile.lock",
				"${PODS_ROOT}/Manifest.lock",
			);
			name = "[CP] Check Pods Manifest.lock";
			outputPaths = (
				"$(DERIVED_FILE_DIR)/Pods-LTChannelViewUITests-checkManifestLockResult.txt",
			);
			runOnlyForDeploymentPostprocessing = 0;
			shellPath = /bin/sh;
			shellScript = "diff \"${PODS_PODFILE_DIR_PATH}/Podfile.lock\" \"${PODS_ROOT}/Manifest.lock\" > /dev/null\nif [ $? != 0 ] ; then\n    # print error to STDERR\n    echo \"error: The sandbox is not in sync with the Podfile.lock. Run 'pod install' or update your CocoaPods installation.\" >&2\n    exit 1\nfi\n# This output is used by Xcode 'outputs' to avoid re-running this script phase.\necho \"SUCCESS\" > \"${SCRIPT_OUTPUT_FILE_0}\"\n";
			showEnvVarsInLog = 0;
		};
		E7D08AF418554B9ED392F771 /* [CP] Check Pods Manifest.lock */ = {
			isa = PBXShellScriptBuildPhase;
			buildActionMask = 2147483647;
			files = (
			);
			inputPaths = (
				"${PODS_PODFILE_DIR_PATH}/Podfile.lock",
				"${PODS_ROOT}/Manifest.lock",
			);
			name = "[CP] Check Pods Manifest.lock";
			outputPaths = (
				"$(DERIVED_FILE_DIR)/Pods-LTChannelView-checkManifestLockResult.txt",
			);
			runOnlyForDeploymentPostprocessing = 0;
			shellPath = /bin/sh;
			shellScript = "diff \"${PODS_PODFILE_DIR_PATH}/Podfile.lock\" \"${PODS_ROOT}/Manifest.lock\" > /dev/null\nif [ $? != 0 ] ; then\n    # print error to STDERR\n    echo \"error: The sandbox is not in sync with the Podfile.lock. Run 'pod install' or update your CocoaPods installation.\" >&2\n    exit 1\nfi\n# This output is used by Xcode 'outputs' to avoid re-running this script phase.\necho \"SUCCESS\" > \"${SCRIPT_OUTPUT_FILE_0}\"\n";
			showEnvVarsInLog = 0;
		};
/* End PBXShellScriptBuildPhase section */

/* Begin PBXSourcesBuildPhase section */
		AAFBDAB021C8CB0A0093101D /* Sources */ = {
			isa = PBXSourcesBuildPhase;
			buildActionMask = 2147483647;
			files = (
				AAFBDABC21C8CB0A0093101D /* ViewController.m in Sources */,
				AAFBDAF021C8D4790093101D /* UIView+LTFrame.m in Sources */,
				AA952E6B21C9DC5300E472AC /* LTChannelView.m in Sources */,
				AAFBDAC721C8CB0C0093101D /* main.m in Sources */,
				AAFBDAB921C8CB0A0093101D /* AppDelegate.m in Sources */,
				AA952E7121C9DE8000E472AC /* LTChannelModel.m in Sources */,
				AA952E6E21C9DE2800E472AC /* LTChannelCell.m in Sources */,
				AAFBDAED21C8CC720093101D /* LTDragBaseView.m in Sources */,
			);
			runOnlyForDeploymentPostprocessing = 0;
		};
		AAFBDAC821C8CB0C0093101D /* Sources */ = {
			isa = PBXSourcesBuildPhase;
			buildActionMask = 2147483647;
			files = (
				AAFBDAD121C8CB0C0093101D /* LTChannelViewTests.m in Sources */,
			);
			runOnlyForDeploymentPostprocessing = 0;
		};
		AAFBDAD321C8CB0C0093101D /* Sources */ = {
			isa = PBXSourcesBuildPhase;
			buildActionMask = 2147483647;
			files = (
				AAFBDADC21C8CB0C0093101D /* LTChannelViewUITests.m in Sources */,
			);
			runOnlyForDeploymentPostprocessing = 0;
		};
/* End PBXSourcesBuildPhase section */

/* Begin PBXTargetDependency section */
		AAFBDACE21C8CB0C0093101D /* PBXTargetDependency */ = {
			isa = PBXTargetDependency;
			target = AAFBDAB321C8CB0A0093101D /* LTChannelView */;
			targetProxy = AAFBDACD21C8CB0C0093101D /* PBXContainerItemProxy */;
		};
		AAFBDAD921C8CB0C0093101D /* PBXTargetDependency */ = {
			isa = PBXTargetDependency;
			target = AAFBDAB321C8CB0A0093101D /* LTChannelView */;
			targetProxy = AAFBDAD821C8CB0C0093101D /* PBXContainerItemProxy */;
		};
/* End PBXTargetDependency section */

/* Begin PBXVariantGroup section */
		AAFBDABD21C8CB0A0093101D /* Main.storyboard */ = {
			isa = PBXVariantGroup;
			children = (
				AAFBDABE21C8CB0A0093101D /* Base */,
			);
			name = Main.storyboard;
			sourceTree = "<group>";
		};
		AAFBDAC221C8CB0C0093101D /* LaunchScreen.storyboard */ = {
			isa = PBXVariantGroup;
			children = (
				AAFBDAC321C8CB0C0093101D /* Base */,
			);
			name = LaunchScreen.storyboard;
			sourceTree = "<group>";
		};
/* End PBXVariantGroup section */

/* Begin XCBuildConfiguration section */
		AAFBDADE21C8CB0C0093101D /* Debug */ = {
			isa = XCBuildConfiguration;
			buildSettings = {
				ALWAYS_SEARCH_USER_PATHS = NO;
				CLANG_ANALYZER_NONNULL = YES;
				CLANG_ANALYZER_NUMBER_OBJECT_CONVERSION = YES_AGGRESSIVE;
				CLANG_CXX_LANGUAGE_STANDARD = "gnu++14";
				CLANG_CXX_LIBRARY = "libc++";
				CLANG_ENABLE_MODULES = YES;
				CLANG_ENABLE_OBJC_ARC = YES;
				CLANG_ENABLE_OBJC_WEAK = YES;
				CLANG_WARN_BLOCK_CAPTURE_AUTORELEASING = YES;
				CLANG_WARN_BOOL_CONVERSION = YES;
				CLANG_WARN_COMMA = YES;
				CLANG_WARN_CONSTANT_CONVERSION = YES;
				CLANG_WARN_DEPRECATED_OBJC_IMPLEMENTATIONS = YES;
				CLANG_WARN_DIRECT_OBJC_ISA_USAGE = YES_ERROR;
				CLANG_WARN_DOCUMENTATION_COMMENTS = YES;
				CLANG_WARN_EMPTY_BODY = YES;
				CLANG_WARN_ENUM_CONVERSION = YES;
				CLANG_WARN_INFINITE_RECURSION = YES;
				CLANG_WARN_INT_CONVERSION = YES;
				CLANG_WARN_NON_LITERAL_NULL_CONVERSION = YES;
				CLANG_WARN_OBJC_IMPLICIT_RETAIN_SELF = YES;
				CLANG_WARN_OBJC_LITERAL_CONVERSION = YES;
				CLANG_WARN_OBJC_ROOT_CLASS = YES_ERROR;
				CLANG_WARN_RANGE_LOOP_ANALYSIS = YES;
				CLANG_WARN_STRICT_PROTOTYPES = YES;
				CLANG_WARN_SUSPICIOUS_MOVE = YES;
				CLANG_WARN_UNGUARDED_AVAILABILITY = YES_AGGRESSIVE;
				CLANG_WARN_UNREACHABLE_CODE = YES;
				CLANG_WARN__DUPLICATE_METHOD_MATCH = YES;
				CODE_SIGN_IDENTITY = "iPhone Developer";
				COPY_PHASE_STRIP = NO;
				DEBUG_INFORMATION_FORMAT = dwarf;
				ENABLE_STRICT_OBJC_MSGSEND = YES;
				ENABLE_TESTABILITY = YES;
				GCC_C_LANGUAGE_STANDARD = gnu11;
				GCC_DYNAMIC_NO_PIC = NO;
				GCC_NO_COMMON_BLOCKS = YES;
				GCC_OPTIMIZATION_LEVEL = 0;
				GCC_PREPROCESSOR_DEFINITIONS = (
					"DEBUG=1",
					"$(inherited)",
				);
				GCC_WARN_64_TO_32_BIT_CONVERSION = YES;
				GCC_WARN_ABOUT_RETURN_TYPE = YES_ERROR;
				GCC_WARN_UNDECLARED_SELECTOR = YES;
				GCC_WARN_UNINITIALIZED_AUTOS = YES_AGGRESSIVE;
				GCC_WARN_UNUSED_FUNCTION = YES;
				GCC_WARN_UNUSED_VARIABLE = YES;
				IPHONEOS_DEPLOYMENT_TARGET = 11.3;
				MTL_ENABLE_DEBUG_INFO = YES;
				ONLY_ACTIVE_ARCH = YES;
				SDKROOT = iphoneos;
			};
			name = Debug;
		};
		AAFBDADF21C8CB0C0093101D /* Release */ = {
			isa = XCBuildConfiguration;
			buildSettings = {
				ALWAYS_SEARCH_USER_PATHS = NO;
				CLANG_ANALYZER_NONNULL = YES;
				CLANG_ANALYZER_NUMBER_OBJECT_CONVERSION = YES_AGGRESSIVE;
				CLANG_CXX_LANGUAGE_STANDARD = "gnu++14";
				CLANG_CXX_LIBRARY = "libc++";
				CLANG_ENABLE_MODULES = YES;
				CLANG_ENABLE_OBJC_ARC = YES;
				CLANG_ENABLE_OBJC_WEAK = YES;
				CLANG_WARN_BLOCK_CAPTURE_AUTORELEASING = YES;
				CLANG_WARN_BOOL_CONVERSION = YES;
				CLANG_WARN_COMMA = YES;
				CLANG_WARN_CONSTANT_CONVERSION = YES;
				CLANG_WARN_DEPRECATED_OBJC_IMPLEMENTATIONS = YES;
				CLANG_WARN_DIRECT_OBJC_ISA_USAGE = YES_ERROR;
				CLANG_WARN_DOCUMENTATION_COMMENTS = YES;
				CLANG_WARN_EMPTY_BODY = YES;
				CLANG_WARN_ENUM_CONVERSION = YES;
				CLANG_WARN_INFINITE_RECURSION = YES;
				CLANG_WARN_INT_CONVERSION = YES;
				CLANG_WARN_NON_LITERAL_NULL_CONVERSION = YES;
				CLANG_WARN_OBJC_IMPLICIT_RETAIN_SELF = YES;
				CLANG_WARN_OBJC_LITERAL_CONVERSION = YES;
				CLANG_WARN_OBJC_ROOT_CLASS = YES_ERROR;
				CLANG_WARN_RANGE_LOOP_ANALYSIS = YES;
				CLANG_WARN_STRICT_PROTOTYPES = YES;
				CLANG_WARN_SUSPICIOUS_MOVE = YES;
				CLANG_WARN_UNGUARDED_AVAILABILITY = YES_AGGRESSIVE;
				CLANG_WARN_UNREACHABLE_CODE = YES;
				CLANG_WARN__DUPLICATE_METHOD_MATCH = YES;
				CODE_SIGN_IDENTITY = "iPhone Developer";
				COPY_PHASE_STRIP = NO;
				DEBUG_INFORMATION_FORMAT = "dwarf-with-dsym";
				ENABLE_NS_ASSERTIONS = NO;
				ENABLE_STRICT_OBJC_MSGSEND = YES;
				GCC_C_LANGUAGE_STANDARD = gnu11;
				GCC_NO_COMMON_BLOCKS = YES;
				GCC_WARN_64_TO_32_BIT_CONVERSION = YES;
				GCC_WARN_ABOUT_RETURN_TYPE = YES_ERROR;
				GCC_WARN_UNDECLARED_SELECTOR = YES;
				GCC_WARN_UNINITIALIZED_AUTOS = YES_AGGRESSIVE;
				GCC_WARN_UNUSED_FUNCTION = YES;
				GCC_WARN_UNUSED_VARIABLE = YES;
				IPHONEOS_DEPLOYMENT_TARGET = 11.3;
				MTL_ENABLE_DEBUG_INFO = NO;
				SDKROOT = iphoneos;
				VALIDATE_PRODUCT = YES;
			};
			name = Release;
		};
		AAFBDAE121C8CB0C0093101D /* Debug */ = {
			isa = XCBuildConfiguration;
			baseConfigurationReference = ADB00523725C4FFA92750AA4 /* Pods-LTChannelView.debug.xcconfig */;
			buildSettings = {
				ASSETCATALOG_COMPILER_APPICON_NAME = AppIcon;
				CLANG_WARN_OBJC_IMPLICIT_RETAIN_SELF = NO;
				CODE_SIGN_STYLE = Automatic;
				DEVELOPMENT_TEAM = KQ7NY22246;
				GCC_PREFIX_HEADER = "$(SRCROOT)/LTChannelView/LTChannelView.pch";
				INFOPLIST_FILE = LTChannelView/Info.plist;
				IPHONEOS_DEPLOYMENT_TARGET = 9.0;
				LD_RUNPATH_SEARCH_PATHS = (
					"$(inherited)",
					"@executable_path/Frameworks",
				);
				PRODUCT_BUNDLE_IDENTIFIER = com.mrstock.LTChannelView;
				PRODUCT_NAME = "$(TARGET_NAME)";
				TARGETED_DEVICE_FAMILY = "1,2";
			};
			name = Debug;
		};
		AAFBDAE221C8CB0C0093101D /* Release */ = {
			isa = XCBuildConfiguration;
			baseConfigurationReference = 36DB2167C45F051F0FDB1A53 /* Pods-LTChannelView.release.xcconfig */;
			buildSettings = {
				ASSETCATALOG_COMPILER_APPICON_NAME = AppIcon;
				CLANG_WARN_OBJC_IMPLICIT_RETAIN_SELF = NO;
				CODE_SIGN_STYLE = Automatic;
				DEVELOPMENT_TEAM = KQ7NY22246;
				GCC_PREFIX_HEADER = "$(SRCROOT)/LTChannelView/LTChannelView.pch";
				INFOPLIST_FILE = LTChannelView/Info.plist;
				IPHONEOS_DEPLOYMENT_TARGET = 9.0;
				LD_RUNPATH_SEARCH_PATHS = (
					"$(inherited)",
					"@executable_path/Frameworks",
				);
				PRODUCT_BUNDLE_IDENTIFIER = com.mrstock.LTChannelView;
				PRODUCT_NAME = "$(TARGET_NAME)";
				TARGETED_DEVICE_FAMILY = "1,2";
			};
			name = Release;
		};
		AAFBDAE421C8CB0C0093101D /* Debug */ = {
			isa = XCBuildConfiguration;
			baseConfigurationReference = 275FF5A24C8EB6F0953AB0B4 /* Pods-LTChannelViewTests.debug.xcconfig */;
			buildSettings = {
				BUNDLE_LOADER = "$(TEST_HOST)";
				CODE_SIGN_STYLE = Automatic;
				INFOPLIST_FILE = LTChannelViewTests/Info.plist;
				LD_RUNPATH_SEARCH_PATHS = (
					"$(inherited)",
					"@executable_path/Frameworks",
					"@loader_path/Frameworks",
				);
				PRODUCT_BUNDLE_IDENTIFIER = com.mrstock.LTChannelViewTests;
				PRODUCT_NAME = "$(TARGET_NAME)";
				TARGETED_DEVICE_FAMILY = "1,2";
				TEST_HOST = "$(BUILT_PRODUCTS_DIR)/LTChannelView.app/LTChannelView";
			};
			name = Debug;
		};
		AAFBDAE521C8CB0C0093101D /* Release */ = {
			isa = XCBuildConfiguration;
			baseConfigurationReference = F939687A3E972E0AE2A306D0 /* Pods-LTChannelViewTests.release.xcconfig */;
			buildSettings = {
				BUNDLE_LOADER = "$(TEST_HOST)";
				CODE_SIGN_STYLE = Automatic;
				INFOPLIST_FILE = LTChannelViewTests/Info.plist;
				LD_RUNPATH_SEARCH_PATHS = (
					"$(inherited)",
					"@executable_path/Frameworks",
					"@loader_path/Frameworks",
				);
				PRODUCT_BUNDLE_IDENTIFIER = com.mrstock.LTChannelViewTests;
				PRODUCT_NAME = "$(TARGET_NAME)";
				TARGETED_DEVICE_FAMILY = "1,2";
				TEST_HOST = "$(BUILT_PRODUCTS_DIR)/LTChannelView.app/LTChannelView";
			};
			name = Release;
		};
		AAFBDAE721C8CB0C0093101D /* Debug */ = {
			isa = XCBuildConfiguration;
			baseConfigurationReference = 7D9CD95FC0E93372603E4C74 /* Pods-LTChannelViewUITests.debug.xcconfig */;
			buildSettings = {
				CODE_SIGN_STYLE = Automatic;
				INFOPLIST_FILE = LTChannelViewUITests/Info.plist;
				LD_RUNPATH_SEARCH_PATHS = (
					"$(inherited)",
					"@executable_path/Frameworks",
					"@loader_path/Frameworks",
				);
				PRODUCT_BUNDLE_IDENTIFIER = com.mrstock.LTChannelViewUITests;
				PRODUCT_NAME = "$(TARGET_NAME)";
				TARGETED_DEVICE_FAMILY = "1,2";
				TEST_TARGET_NAME = LTChannelView;
			};
			name = Debug;
		};
		AAFBDAE821C8CB0C0093101D /* Release */ = {
			isa = XCBuildConfiguration;
			baseConfigurationReference = B4C5AF2E80409420D4D1D4E0 /* Pods-LTChannelViewUITests.release.xcconfig */;
			buildSettings = {
				CODE_SIGN_STYLE = Automatic;
				INFOPLIST_FILE = LTChannelViewUITests/Info.plist;
				LD_RUNPATH_SEARCH_PATHS = (
					"$(inherited)",
					"@executable_path/Frameworks",
					"@loader_path/Frameworks",
				);
				PRODUCT_BUNDLE_IDENTIFIER = com.mrstock.LTChannelViewUITests;
				PRODUCT_NAME = "$(TARGET_NAME)";
				TARGETED_DEVICE_FAMILY = "1,2";
				TEST_TARGET_NAME = LTChannelView;
			};
			name = Release;
		};
/* End XCBuildConfiguration section */

/* Begin XCConfigurationList section */
		AAFBDAAF21C8CB0A0093101D /* Build configuration list for PBXProject "LTChannelView" */ = {
			isa = XCConfigurationList;
			buildConfigurations = (
				AAFBDADE21C8CB0C0093101D /* Debug */,
				AAFBDADF21C8CB0C0093101D /* Release */,
			);
			defaultConfigurationIsVisible = 0;
			defaultConfigurationName = Release;
		};
		AAFBDAE021C8CB0C0093101D /* Build configuration list for PBXNativeTarget "LTChannelView" */ = {
			isa = XCConfigurationList;
			buildConfigurations = (
				AAFBDAE121C8CB0C0093101D /* Debug */,
				AAFBDAE221C8CB0C0093101D /* Release */,
			);
			defaultConfigurationIsVisible = 0;
			defaultConfigurationName = Release;
		};
		AAFBDAE321C8CB0C0093101D /* Build configuration list for PBXNativeTarget "LTChannelViewTests" */ = {
			isa = XCConfigurationList;
			buildConfigurations = (
				AAFBDAE421C8CB0C0093101D /* Debug */,
				AAFBDAE521C8CB0C0093101D /* Release */,
			);
			defaultConfigurationIsVisible = 0;
			defaultConfigurationName = Release;
		};
		AAFBDAE621C8CB0C0093101D /* Build configuration list for PBXNativeTarget "LTChannelViewUITests" */ = {
			isa = XCConfigurationList;
			buildConfigurations = (
				AAFBDAE721C8CB0C0093101D /* Debug */,
				AAFBDAE821C8CB0C0093101D /* Release */,
			);
			defaultConfigurationIsVisible = 0;
			defaultConfigurationName = Release;
		};
/* End XCConfigurationList section */
	};
	rootObject = AAFBDAAC21C8CB0A0093101D /* Project object */;
}
